
Microsoft Visual Studio Solution File, Format Version 12.00
# Visual Studio Version 17
VisualStudioVersion = 17.14.36414.22 d17.14
MinimumVisualStudioVersion = 10.0.40219.1
Project("{FAE04EC0-301F-11D3-BF4B-00C04F79EFBC}") = "Lab3Question", "Lab3Question\Lab3Question.csproj", "{32937198-0308-45AC-9C7C-DFEDD6B64BFE}"
EndProject
Global
	GlobalSection(SolutionConfigurationPlatforms) = preSolution
		Debug|Any CPU = Debug|Any CPU
		Release|Any CPU = Release|Any CPU
	EndGlobalSection
	GlobalSection(ProjectConfigurationPlatforms) = postSolution
		{32937198-0308-45AC-9C7C-DFEDD6B64BFE}.Debug|Any CPU.ActiveCfg = Debug|Any CPU
		{32937198-0308-45AC-9C7C-DFEDD6B64BFE}.Debug|Any CPU.Build.0 = Debug|Any CPU
		{32937198-0308-45AC-9C7C-DFEDD6B64BFE}.Release|Any CPU.ActiveCfg = Release|Any CPU
		{32937198-0308-45AC-9C7C-DFEDD6B64BFE}.Release|Any CPU.Build.0 = Release|Any CPU
	EndGlobalSection
	GlobalSection(SolutionProperties) = preSolution
		HideSolutionNode = FALSE
	EndGlobalSection
	GlobalSection(ExtensibilityGlobals) = postSolution
		SolutionGuid = {478E19C5-73BF-40B6-803B-22F6ED7BF695}
	EndGlobalSection
EndGlobal
